github.com/bytedance/sonic v1.9.1 h1:6iJ6WegzP3m1FvYpRqX1DSIR8wLzQZQcQvLrqQ5Q5hY=
github.com/bytedance/sonic v1.9.1/go.mod h1:i736AoUSYt75HyZLoJW9eryxby6JhpInRjCbVYfVkq8=
github.com/chenzhuoyu/base64x v0.0.0-20221115062448-fe3a3abad311 h1:qSGYFH7jMoDF4o0j2Gw2KgpA1RwIQdLvCXRpB2oO+FI=
github.com/chenzhuoyu/base64x v0.0.0-20221115062448-fe3a3abad311/go.mod h1:twMxJdGoT8iqPho5aVjRia3J6C88YB1k5B7jP4Rq5bc=
github.com/gabriel-vasile/mimetype v1.4.2 h1:w5qFW6JKBz9Y393v4qHuzLUtushwFJT70DP7o7J+Yd8=
github.com/gabriel-vasile/mimetype v1.4.2/go.mod h1:QMT4vd0EcGCy80pdyMNWRkrMZDAHvaC3T80B0kku53k=
github.com/gin-contrib/sse v0.1.0 h1:Y/yl/+YNO8GZSjAhjMsSuLt29uWRFHdHYUb5lYOV9qE=
github.com/gin-contrib/sse v0.1.0/go.mod h1:RHrZQHXnP2xjPF+u1gW/2HnVO7nvIa9PG3Gm+fLHvGI=
github.com/gin-gonic/gin v1.9.1 h1:4idEAncQnU5cB7BeOkPtxjfCSye0AAm1R0RVIqJ+Jmg=
github.com/gin-gonic/gin v1.9.1/go.mod h1:hPrL7YrpYKXt5YId3A/Tnip5kqbEAP+KLuI3SUcPTeU=
github.com/go-playground/locales v0.14.1 h1:EWaQ/wswjilfKLTECiXz7Rh+3BjFhfDFKv/oXslEjJA=
github.com/go-playground/locales v0.14.1/go.mod h1:hxrqLVvrK65+Rwrd5Fc6F2O76J/NuW9t0sjnWqG1slY=
github.com/go-playground/universal-translator v0.18.1 h1:Bcnm0ZwsGyWbCzImXv+pAJnYK9S473LQFuzCbDbfSFY=
github.com/go-playground/universal-translator v0.18.1/go.mod h1:xekY+UJKNuX9WP91TpwSH2VMlDf28Uj24BCp08ZFTUY=
github.com/go-playground/validator/v10 v10.14.0 h1:9c50NUPC30zyuKprjL3vNZ0m5oG+jU0zvx2AArdvYk4=
github.com/go-playground/validator/v10 v10.14.0/go.mod h1:4LIqNf9ycgJzWxDwf7pS0uVHjKLlxGWrQKMnkKv8b/0=
github.com/goccy/go-json v0.10.2 h1:CrxCmQqYDkv1z7lO7Wbh2HN93uovUHgrECaO5ZrCXAU=
github.com/goccy/go-json v0.10.2/go.mod h1:6MelG93GURQebXPDq3khkgXZkazVtN9CRI+MGFi0w8I=
github.com/golang-jwt/jwt/v5 v5.2.0 h1:oHRrD/HcD+6D2CkL/pctJqwdC4pseG6+kO1AFQq6FJI=
github.com/golang-jwt/jwt/v5 v5.2.0/go.mod h1:7E4AUsTxbm7ZEOI16kMkHij6qRZ6M7O6OhLQfIuH/4k=
github.com/jackc/pgpassfile v1.0.0 h1:/6Hmqy13Ss2zCq62VdNG8tM1wchn8zjSGOBJ6icpsIM=
github.com/jackc/pgpassfile v1.0.0/go.mod h1:CEx0iS5ambNFdcRtxPj5JhEz+xB6uRky5eyVu/W2HEg=
github.com/jackc/pgservicefile v0.0.0-20221227161230-091c0ba34f0a h1:bbPeKD0xmW/Y25WS6cokEszi5g+S0QxI/d45PkY7gLg=
github.com/jackc/pgservicefile v0.0.0-20221227161230-091c0ba34f0a/go.mod h1:5TJZWKEWniPve33vlWYSoGYefn3gLQRzjfFhZ8meMxU=
github.com/jackc/pgx/v5 v5.4.3 h1:5vk0zrcBkY1bqc2JEaC3KfG5BcJof2OjZ4og5KQVwpY=
github.com/jackc/pgx/v5 v5.4.3/go.mod h1:1Vmp9QBGYIq9j5tV4fba7/cL0QpFN+L1bK7xKv6qQxo=
github.com/jinzhu/inflection v1.0.0 h1:K317FqzuhWc8YvSVlFMCCUb36O/S9MCKRDI7QkRKD/E=
github.com/jinzhu/inflection v1.0.0/go.mod h1:h+uFLlag+Qp1Va5pdKtLDYj+kHp5pxUVkryuEj+Srlc=
github.com/jinzhu/now v1.1.5 h1:/o9tlHleP7gOFmsnYNz3RGnqzefHA47wQpKrrdTIwXQ=
github.com/jinzhu/now v1.1.5/go.mod h1:d3SSVoowX0Lcu0IBviAWJpolVfI5UJVZZ7cO71lE/z8=
github.com/json-iterator/go v1.1.12 h1:PV8peI4a0ysnczrg+LtxykD8LfKY9ML6u2jnxaEnrnM=
github.com/json-iterator/go v1.1.12/go.mod h1:e30LSqwooZae/UwlEbR2852Gd8hjQvJoHmT4NnhQ2Ro=
github.com/klauspost/cpuid/v2 v2.2.4 h1:acbojRNwl3o09bUq+ySLt3qmX9dQfx4sCQYAh7zCOyo=
github.com/klauspost/cpuid/v2 v2.2.4/go.mod h1:RVVoqg1df56z8g3pUjJ/OKlXWO0h6CU5sKWTu6Y1gI8=
github.com/leodido/go-urn v1.2.4 h1:XlAE/cm/ms7TE/VMVoduSpNBoyc2dOxHs5MZSwAN63Q=
github.com/leodido/go-urn v1.2.4/go.mod h1:7ZrI8m4S6XuegDZ34Q4FnVLnBQNjxI5VZ2yohL8gE1w=
github.com/mattn/go-isatty v0.0.19 h1:JITubQf0MOLdlGRuRq+jtsDlekdYPia9ZFsB8h/APPA=
github.com/mattn/go-isatty v0.0.19/go.mod h1:W+V8PltTTMOvKvAeJH7IuucS94S2C6jfK/D7dTCTo3Y=
github.com/modern-go/concurrent v0.0.0-20180306012644-bacd9c7ef1dd h1:TRLaZ9cD/w8PVh93nsPXa1VrQ6jlwL5oN8l14QlcNfg=
github.com/modern-go/concurrent v0.0.0-20180306012644-bacd9c7ef1dd/go.mod h1:fU0ximjBR9opVkf6q8+gnvW6nLwnJkC1r4qaO9B8z+I=
github.com/modern-go/reflect2 v1.0.2 h1:xBagoLtFs94CBntxluKeaWgTMpvLxC4ur3nMaC9Gz0M=
github.com/modern-go/reflect2 v1.0.2/go.mod h1:yWuevngMOJpCy52FWWMvUC8ws7m/LJsjYzDa0/r8luk=
github.com/pelletier/go-toml/v2 v2.0.8 h1:0ctb6s9mE31h0/lhu+J6OPmVeDxJn+kYnJc2jZR9tGQ=
github.com/pelletier/go-toml/v2 v2.0.8/go.mod h1:vuYfssBdrU2XDZ9bYydBu6t+6a6PYNcZljzZR9VXg+4=
github.com/twitchyliquid64/golang-asm v0.15.1 h1:SU2g5jGwZR6uSXejiY4hYMZrcCzPn4nux2fxg4sfTD4=
github.com/twitchyliquid64/golang-asm v0.15.1/go.mod h1:a1cVq8/6D0+sVE4mRfNCa7A2dgoCwKiQ6D0CMxUq7ls=
github.com/ugorji/go/codec v1.2.11 h1:BMaWp1Bb6f4w1kO3KOvDdsVUnfmKX1SBDsZqk0Tf8wo=
github.com/ugorji/go/codec v1.2.11/go.mod h1:UNopzCgEMSXjBc6aOMwxhRxRU4UTV6BTw/+FcOZQ7qI=
golang.org/x/arch v0.3.0 h1:02VY4/ZcO/gBOH6PUaoiptASxtXU10jazRCP865E97k=
golang.org/x/arch v0.3.0/go.mod h1:5om86z9Hs0C8fWVUuoMHwpExlXzs5Tkyp9hOrfG7pp8=
golang.org/x/crypto v0.14.0 h1:wBqGXzWJW6m1XrIKlAH0Hs1JJ7+9KBwnIO8v66Q9cHc=
golang.org/x/crypto v0.14.0/go.mod h1:MVFd36DqK4CsrnJYDkBA3VC4m2GkXAM0PvzMCn4JQf4=
golang.org/x/net v0.10.0 h1:X2//UzNDwYmtCLn7To6G58Wr6f5ahEAQgKNzv9Y951M=
golang.org/x/net v0.10.0/go.mod h1:0qNGK6F8kojg2nk9dLZ2mShWaEBan6FAoqfSigmmuD8=
golang.org/x/sys v0.13.0 h1:Af8nKPmuFypiUBjVoU9V20FiaFXOcuZI21p0ycVYYGE=
golang.org/x/sys v0.13.0/go.mod h1:oPkhp1MJrh7nUepCBck5+mAzfO9JrbApNNgaTdGDITg=
golang.org/x/text v0.13.0 h1:ablQoSUd0tRdKxZewP80B+BaqeKJuVhuRxj/dkrun3k=
golang.org/x/text v0.13.0/go.mod h1:TvPlkZtksWOMsz7fbANvkp4WM8x/WQ/YKzdr/r2qS6A=
gopkg.in/yaml.v3 v3.0.1 h1:fxVm/GzAzEWqLHuvctI91KS9hhNmmWOoWu0XTYJS7CA=
gopkg.in/yaml.v3 v3.0.1/go.mod h1:K4uyk7z7BCEPqu6E+C64Yfv1cQ7kz7rIZviUmN+EgEM=
gorm.io/driver/postgres v1.5.4 h1:JllUWA4JhZXMfBH5c2h4a4Ac+Q0K/e+8KmV+YrFefhM=
gorm.io/driver/postgres v1.5.4/go.mod h1:7fG4w2GPOEa3uL7h8QdfxEpzQfM9YxY0KZj0/WjywRI=
gorm.io/gorm v1.25.5 h1:6P25sLg7h/zjlxIvf1e6SvI5TLGaeWyNyxN/UsfqUWE=
gorm.io/gorm v1.25.5/go.mod h1:lYTI6GWfYbtx/hqVbRUA+JxmcOsmWYxojn3N1C5t0V0=